// !$*UTF8*$!
{
	archiveVersion = 1;
	classes = {
	};
	objectVersion = 56;
	objects = {

/* Begin PBXBuildFile section */
		D922D85F2B0B43F500B3A5FB /* NumberGame.swift in Sources */ = {isa = PBXBuildFile; fileRef = D922D85E2B0B43F500B3A5FB /* NumberGame.swift */; };
		D922D87B2B0DECFB00B3A5FB /* ClockDemo.swift in Sources */ = {isa = PBXBuildFile; fileRef = D922D87A2B0DECFB00B3A5FB /* ClockDemo.swift */; };
		D922D87D2B0EE89200B3A5FB /* AnimationDemo.swift in Sources */ = {isa = PBXBuildFile; fileRef = D922D87C2B0EE89200B3A5FB /* AnimationDemo.swift */; };
		D95DB6632B05B43300FD0D4C /* constants.swift in Sources */ = {isa = PBXBuildFile; fileRef = D95DB6622B05B43300FD0D4C /* constants.swift */; };
		D95DB6652B06088900FD0D4C /* MemorizeGame.swift in Sources */ = {isa = PBXBuildFile; fileRef = D95DB6642B06088900FD0D4C /* MemorizeGame.swift */; };
		D97A4EC62AEF5565002C6E15 /* SwiftUIDemoApp.swift in Sources */ = {isa = PBXBuildFile; fileRef = D97A4EC52AEF5565002C6E15 /* SwiftUIDemoApp.swift */; };
		D97A4EC82AEF5565002C6E15 /* PropertyWrapperDemo.swift in Sources */ = {isa = PBXBuildFile; fileRef = D97A4EC72AEF5565002C6E15 /* PropertyWrapperDemo.swift */; };
		D97A4ECA2AEF5567002C6E15 /* Assets.xcassets in Resources */ = {isa = PBXBuildFile; fileRef = D97A4EC92AEF5567002C6E15 /* Assets.xcassets */; };
		D97A4ECD2AEF5567002C6E15 /* Preview Assets.xcassets in Resources */ = {isa = PBXBuildFile; fileRef = D97A4ECC2AEF5567002C6E15 /* Preview Assets.xcassets */; };
		D97A4ED42AF1F8B7002C6E15 /* RepresentableDemo.swift in Sources */ = {isa = PBXBuildFile; fileRef = D97A4ED32AF1F8B7002C6E15 /* RepresentableDemo.swift */; };
		D9CD30412B0219BA00F38F91 /* FormDemo.swift in Sources */ = {isa = PBXBuildFile; fileRef = D9CD30402B0219BA00F38F91 /* FormDemo.swift */; };
		D9CD30432B03202600F38F91 /* WebViewDemo.swift in Sources */ = {isa = PBXBuildFile; fileRef = D9CD30422B03202600F38F91 /* WebViewDemo.swift */; };
		D9CD30472B04648500F38F91 /* AsyncCallDemo.swift in Sources */ = {isa = PBXBuildFile; fileRef = D9CD30462B04648500F38F91 /* AsyncCallDemo.swift */; };
		D9CD30642B048EE800F38F91 /* MyMacAppApp.swift in Sources */ = {isa = PBXBuildFile; fileRef = D9CD30632B048EE800F38F91 /* MyMacAppApp.swift */; };
		D9CD30662B048EE800F38F91 /* ContentView.swift in Sources */ = {isa = PBXBuildFile; fileRef = D9CD30652B048EE800F38F91 /* ContentView.swift */; };
		D9CD30682B048EEB00F38F91 /* Assets.xcassets in Resources */ = {isa = PBXBuildFile; fileRef = D9CD30672B048EEB00F38F91 /* Assets.xcassets */; };
		D9CD306B2B048EEB00F38F91 /* Preview Assets.xcassets in Resources */ = {isa = PBXBuildFile; fileRef = D9CD306A2B048EEB00F38F91 /* Preview Assets.xcassets */; };
		D9CD30772B04B71D00F38F91 /* SortInActionDemo.swift in Sources */ = {isa = PBXBuildFile; fileRef = D9CD30762B04B71C00F38F91 /* SortInActionDemo.swift */; };
		D9CF4C092B0F2C3E00BAF347 /* AsyncActorDemo.swift in Sources */ = {isa = PBXBuildFile; fileRef = D9CF4C082B0F2C3E00BAF347 /* AsyncActorDemo.swift */; };
		D9CF4C0B2B1051E000BAF347 /* MineSweepGame.swift in Sources */ = {isa = PBXBuildFile; fileRef = D9CF4C0A2B1051E000BAF347 /* MineSweepGame.swift */; };
		D9CF4C0F2B146ADD00BAF347 /* DateTimeInTimeZoneDemo.swift in Sources */ = {isa = PBXBuildFile; fileRef = D9CF4C0E2B146ADD00BAF347 /* DateTimeInTimeZoneDemo.swift */; };
		D9EE0EE32B16DEC2000C3867 /* KeychainStore.swift in Sources */ = {isa = PBXBuildFile; fileRef = D9EE0EE22B16DEC2000C3867 /* KeychainStore.swift */; };
		D9F357002AFE2E1A00001ABD /* CityWeatherDemo.swift in Sources */ = {isa = PBXBuildFile; fileRef = D9F356FF2AFE2E1A00001ABD /* CityWeatherDemo.swift */; };
		D9F357022B01CE4300001ABD /* MetroView.swift in Sources */ = {isa = PBXBuildFile; fileRef = D9F357012B01CE4300001ABD /* MetroView.swift */; };
		ED0843FB2D478F91006979B2 /* ScrollableSegmentControl.swift in Sources */ = {isa = PBXBuildFile; fileRef = ED0843FA2D478F91006979B2 /* ScrollableSegmentControl.swift */; };
		ED2690C32C49613200558569 /* CustomTabView.swift in Sources */ = {isa = PBXBuildFile; fileRef = ED2690C22C49613200558569 /* CustomTabView.swift */; };
		ED7A92812BC1B9F500ADAD81 /* ImagesView.swift in Sources */ = {isa = PBXBuildFile; fileRef = ED7A92802BC1B9F500ADAD81 /* ImagesView.swift */; };
		ED7A92852BC1BB8E00ADAD81 /* liusisi.bundle in Resources */ = {isa = PBXBuildFile; fileRef = ED7A92842BC1BB8E00ADAD81 /* liusisi.bundle */; };
		ED7A928B2BC27C4000ADAD81 /* Todolist.swift in Sources */ = {isa = PBXBuildFile; fileRef = ED7A928A2BC27C4000ADAD81 /* Todolist.swift */; };
		ED86A3352B691037000AD6A3 /* EscapeGame.swift in Sources */ = {isa = PBXBuildFile; fileRef = ED86A3342B691037000AD6A3 /* EscapeGame.swift */; };
		EDB1438A2B85AC1A00494CFB /* ViewBuilderDemo.swift in Sources */ = {isa = PBXBuildFile; fileRef = EDB143892B85AC1A00494CFB /* ViewBuilderDemo.swift */; };
		EDC466B72B5FAABC00E4BAF7 /* ScrollViewDemo.swift in Sources */ = {isa = PBXBuildFile; fileRef = EDC466B62B5FAABC00E4BAF7 /* ScrollViewDemo.swift */; };
		EDCE1B1C2C9BEAEE00F0048E /* TabbarDemo.swift in Sources */ = {isa = PBXBuildFile; fileRef = EDCE1B1B2C9BEAEE00F0048E /* TabbarDemo.swift */; };
/* End PBXBuildFile section */

/* Begin PBXFileReference section */
		D922D85E2B0B43F500B3A5FB /* NumberGame.swift */ = {isa = PBXFileReference; lastKnownFileType = sourcecode.swift; path = NumberGame.swift; sourceTree = "<group>"; };
		D922D87A2B0DECFB00B3A5FB /* ClockDemo.swift */ = {isa = PBXFileReference; lastKnownFileType = sourcecode.swift; path = ClockDemo.swift; sourceTree = "<group>"; };
		D922D87C2B0EE89200B3A5FB /* AnimationDemo.swift */ = {isa = PBXFileReference; lastKnownFileType = sourcecode.swift; path = AnimationDemo.swift; sourceTree = "<group>"; };
		D95DB6622B05B43300FD0D4C /* constants.swift */ = {isa = PBXFileReference; lastKnownFileType = sourcecode.swift; path = constants.swift; sourceTree = "<group>"; };
		D95DB6642B06088900FD0D4C /* MemorizeGame.swift */ = {isa = PBXFileReference; lastKnownFileType = sourcecode.swift; path = MemorizeGame.swift; sourceTree = "<group>"; };
		D97A4EC22AEF5565002C6E15 /* SwiftUIDemo.app */ = {isa = PBXFileReference; explicitFileType = wrapper.application; includeInIndex = 0; path = SwiftUIDemo.app; sourceTree = BUILT_PRODUCTS_DIR; };
		D97A4EC52AEF5565002C6E15 /* SwiftUIDemoApp.swift */ = {isa = PBXFileReference; lastKnownFileType = sourcecode.swift; path = SwiftUIDemoApp.swift; sourceTree = "<group>"; };
		D97A4EC72AEF5565002C6E15 /* PropertyWrapperDemo.swift */ = {isa = PBXFileReference; lastKnownFileType = sourcecode.swift; path = PropertyWrapperDemo.swift; sourceTree = "<group>"; };
		D97A4EC92AEF5567002C6E15 /* Assets.xcassets */ = {isa = PBXFileReference; lastKnownFileType = folder.assetcatalog; path = Assets.xcassets; sourceTree = "<group>"; };
		D97A4ECC2AEF5567002C6E15 /* Preview Assets.xcassets */ = {isa = PBXFileReference; lastKnownFileType = folder.assetcatalog; path = "Preview Assets.xcassets"; sourceTree = "<group>"; };
		D97A4ED32AF1F8B7002C6E15 /* RepresentableDemo.swift */ = {isa = PBXFileReference; lastKnownFileType = sourcecode.swift; path = RepresentableDemo.swift; sourceTree = "<group>"; };
		D9CD30402B0219BA00F38F91 /* FormDemo.swift */ = {isa = PBXFileReference; lastKnownFileType = sourcecode.swift; path = FormDemo.swift; sourceTree = "<group>"; };
		D9CD30422B03202600F38F91 /* WebViewDemo.swift */ = {isa = PBXFileReference; lastKnownFileType = sourcecode.swift; path = WebViewDemo.swift; sourceTree = "<group>"; };
		D9CD30462B04648500F38F91 /* AsyncCallDemo.swift */ = {isa = PBXFileReference; lastKnownFileType = sourcecode.swift; path = AsyncCallDemo.swift; sourceTree = "<group>"; };
		D9CD30612B048EE800F38F91 /* MyMacApp.app */ = {isa = PBXFileReference; explicitFileType = wrapper.application; includeInIndex = 0; path = MyMacApp.app; sourceTree = BUILT_PRODUCTS_DIR; };
		D9CD30632B048EE800F38F91 /* MyMacAppApp.swift */ = {isa = PBXFileReference; lastKnownFileType = sourcecode.swift; path = MyMacAppApp.swift; sourceTree = "<group>"; };
		D9CD30652B048EE800F38F91 /* ContentView.swift */ = {isa = PBXFileReference; lastKnownFileType = sourcecode.swift; path = ContentView.swift; sourceTree = "<group>"; };
		D9CD30672B048EEB00F38F91 /* Assets.xcassets */ = {isa = PBXFileReference; lastKnownFileType = folder.assetcatalog; path = Assets.xcassets; sourceTree = "<group>"; };
		D9CD306A2B048EEB00F38F91 /* Preview Assets.xcassets */ = {isa = PBXFileReference; lastKnownFileType = folder.assetcatalog; path = "Preview Assets.xcassets"; sourceTree = "<group>"; };
		D9CD306C2B048EEB00F38F91 /* MyMacApp.entitlements */ = {isa = PBXFileReference; lastKnownFileType = text.plist.entitlements; path = MyMacApp.entitlements; sourceTree = "<group>"; };
		D9CD30762B04B71C00F38F91 /* SortInActionDemo.swift */ = {isa = PBXFileReference; lastKnownFileType = sourcecode.swift; path = SortInActionDemo.swift; sourceTree = "<group>"; };
		D9CF4C082B0F2C3E00BAF347 /* AsyncActorDemo.swift */ = {isa = PBXFileReference; lastKnownFileType = sourcecode.swift; path = AsyncActorDemo.swift; sourceTree = "<group>"; };
		D9CF4C0A2B1051E000BAF347 /* MineSweepGame.swift */ = {isa = PBXFileReference; lastKnownFileType = sourcecode.swift; path = MineSweepGame.swift; sourceTree = "<group>"; };
		D9CF4C0E2B146ADD00BAF347 /* DateTimeInTimeZoneDemo.swift */ = {isa = PBXFileReference; lastKnownFileType = sourcecode.swift; path = DateTimeInTimeZoneDemo.swift; sourceTree = "<group>"; };
		D9EE0EE22B16DEC2000C3867 /* KeychainStore.swift */ = {isa = PBXFileReference; lastKnownFileType = sourcecode.swift; path = KeychainStore.swift; sourceTree = "<group>"; };
		D9F356FF2AFE2E1A00001ABD /* CityWeatherDemo.swift */ = {isa = PBXFileReference; lastKnownFileType = sourcecode.swift; path = CityWeatherDemo.swift; sourceTree = "<group>"; };
		D9F357012B01CE4300001ABD /* MetroView.swift */ = {isa = PBXFileReference; lastKnownFileType = sourcecode.swift; path = MetroView.swift; sourceTree = "<group>"; };
		ED0843FA2D478F91006979B2 /* ScrollableSegmentControl.swift */ = {isa = PBXFileReference; lastKnownFileType = sourcecode.swift; path = ScrollableSegmentControl.swift; sourceTree = "<group>"; };
		ED2690C22C49613200558569 /* CustomTabView.swift */ = {isa = PBXFileReference; lastKnownFileType = sourcecode.swift; path = CustomTabView.swift; sourceTree = "<group>"; };
		ED7A92802BC1B9F500ADAD81 /* ImagesView.swift */ = {isa = PBXFileReference; lastKnownFileType = sourcecode.swift; path = ImagesView.swift; sourceTree = "<group>"; };
		ED7A92842BC1BB8E00ADAD81 /* liusisi.bundle */ = {isa = PBXFileReference; lastKnownFileType = "wrapper.plug-in"; path = liusisi.bundle; sourceTree = "<group>"; };
		ED7A928A2BC27C4000ADAD81 /* Todolist.swift */ = {isa = PBXFileReference; lastKnownFileType = sourcecode.swift; path = Todolist.swift; sourceTree = "<group>"; };
		ED86A3342B691037000AD6A3 /* EscapeGame.swift */ = {isa = PBXFileReference; lastKnownFileType = sourcecode.swift; path = EscapeGame.swift; sourceTree = "<group>"; };
		EDB143892B85AC1A00494CFB /* ViewBuilderDemo.swift */ = {isa = PBXFileReference; lastKnownFileType = sourcecode.swift; path = ViewBuilderDemo.swift; sourceTree = "<group>"; };
		EDC466B62B5FAABC00E4BAF7 /* ScrollViewDemo.swift */ = {isa = PBXFileReference; lastKnownFileType = sourcecode.swift; path = ScrollViewDemo.swift; sourceTree = "<group>"; };
		EDCE1B1B2C9BEAEE00F0048E /* TabbarDemo.swift */ = {isa = PBXFileReference; lastKnownFileType = sourcecode.swift; path = TabbarDemo.swift; sourceTree = "<group>"; };
/* End PBXFileReference section */

/* Begin PBXFrameworksBuildPhase section */
		D97A4EBF2AEF5565002C6E15 /* Frameworks */ = {
			isa = PBXFrameworksBuildPhase;
			buildActionMask = 2147483647;
			files = (
			);
			runOnlyForDeploymentPostprocessing = 0;
		};
		D9CD305E2B048EE800F38F91 /* Frameworks */ = {
			isa = PBXFrameworksBuildPhase;
			buildActionMask = 2147483647;
			files = (
			);
			runOnlyForDeploymentPostprocessing = 0;
		};
/* End PBXFrameworksBuildPhase section */

/* Begin PBXGroup section */
		D97A4EB92AEF5565002C6E15 = {
			isa = PBXGroup;
			children = (
				D97A4EC42AEF5565002C6E15 /* SwiftUIDemo */,
				D9CD30622B048EE800F38F91 /* MyMacApp */,
				D97A4EC32AEF5565002C6E15 /* Products */,
			);
			sourceTree = "<group>";
		};
		D97A4EC32AEF5565002C6E15 /* Products */ = {
			isa = PBXGroup;
			children = (
				D97A4EC22AEF5565002C6E15 /* SwiftUIDemo.app */,
				D9CD30612B048EE800F38F91 /* MyMacApp.app */,
			);
			name = Products;
			sourceTree = "<group>";
		};
		D97A4EC42AEF5565002C6E15 /* SwiftUIDemo */ = {
			isa = PBXGroup;
			children = (
				ED7A928C2BC2800800ADAD81 /* Resources */,
				D97A4ECB2AEF5567002C6E15 /* Preview Content */,
				D97A4EC52AEF5565002C6E15 /* SwiftUIDemoApp.swift */,
				D95DB6622B05B43300FD0D4C /* constants.swift */,
				D97A4EC72AEF5565002C6E15 /* PropertyWrapperDemo.swift */,
				D97A4ED32AF1F8B7002C6E15 /* RepresentableDemo.swift */,
				D9CD30422B03202600F38F91 /* WebViewDemo.swift */,
				EDCE1B1B2C9BEAEE00F0048E /* TabbarDemo.swift */,
				D922D87C2B0EE89200B3A5FB /* AnimationDemo.swift */,
				D9EE0EE22B16DEC2000C3867 /* KeychainStore.swift */,
				D9CD30402B0219BA00F38F91 /* FormDemo.swift */,
				D9F356FF2AFE2E1A00001ABD /* CityWeatherDemo.swift */,
				D9F357012B01CE4300001ABD /* MetroView.swift */,
				D9CF4C0E2B146ADD00BAF347 /* DateTimeInTimeZoneDemo.swift */,
				D95DB6642B06088900FD0D4C /* MemorizeGame.swift */,
				D922D85E2B0B43F500B3A5FB /* NumberGame.swift */,
				D9CF4C0A2B1051E000BAF347 /* MineSweepGame.swift */,
				D9CD30762B04B71C00F38F91 /* SortInActionDemo.swift */,
				D922D87A2B0DECFB00B3A5FB /* ClockDemo.swift */,
				D9CF4C082B0F2C3E00BAF347 /* AsyncActorDemo.swift */,
				D9CD30462B04648500F38F91 /* AsyncCallDemo.swift */,
				EDC466B62B5FAABC00E4BAF7 /* ScrollViewDemo.swift */,
				ED86A3342B691037000AD6A3 /* EscapeGame.swift */,
				EDB143892B85AC1A00494CFB /* ViewBuilderDemo.swift */,
				ED7A92802BC1B9F500ADAD81 /* ImagesView.swift */,
				ED7A928A2BC27C4000ADAD81 /* Todolist.swift */,
				ED2690C22C49613200558569 /* CustomTabView.swift */,
				ED0843FA2D478F91006979B2 /* ScrollableSegmentControl.swift */,
			);
			path = SwiftUIDemo;
			sourceTree = "<group>";
		};
		D97A4ECB2AEF5567002C6E15 /* Preview Content */ = {
			isa = PBXGroup;
			children = (
				D97A4ECC2AEF5567002C6E15 /* Preview Assets.xcassets */,
			);
			path = "Preview Content";
			sourceTree = "<group>";
		};
		D9CD30622B048EE800F38F91 /* MyMacApp */ = {
			isa = PBXGroup;
			children = (
				D9CD30632B048EE800F38F91 /* MyMacAppApp.swift */,
				D9CD30652B048EE800F38F91 /* ContentView.swift */,
				D9CD30672B048EEB00F38F91 /* Assets.xcassets */,
				D9CD306C2B048EEB00F38F91 /* MyMacApp.entitlements */,
				D9CD30692B048EEB00F38F91 /* Preview Content */,
			);
			path = MyMacApp;
			sourceTree = "<group>";
		};
		D9CD30692B048EEB00F38F91 /* Preview Content */ = {
			isa = PBXGroup;
			children = (
				D9CD306A2B048EEB00F38F91 /* Preview Assets.xcassets */,
			);
			path = "Preview Content";
			sourceTree = "<group>";
		};
		ED7A928C2BC2800800ADAD81 /* Resources */ = {
			isa = PBXGroup;
			children = (
				ED7A92842BC1BB8E00ADAD81 /* liusisi.bundle */,
				D97A4EC92AEF5567002C6E15 /* Assets.xcassets */,
			);
			path = Resources;
			sourceTree = "<group>";
		};
/* End PBXGroup section */

/* Begin PBXNativeTarget section */
		D97A4EC12AEF5565002C6E15 /* SwiftUIDemo */ = {
			isa = PBXNativeTarget;
			buildConfigurationList = D97A4ED02AEF5567002C6E15 /* Build configuration list for PBXNativeTarget "SwiftUIDemo" */;
			buildPhases = (
				D97A4EBE2AEF5565002C6E15 /* Sources */,
				D97A4EBF2AEF5565002C6E15 /* Frameworks */,
				D97A4EC02AEF5565002C6E15 /* Resources */,
			);
			buildRules = (
			);
			dependencies = (
			);
			name = SwiftUIDemo;
			productName = SwiftUIDemo;
			productReference = D97A4EC22AEF5565002C6E15 /* SwiftUIDemo.app */;
			productType = "com.apple.product-type.application";
		};
		D9CD30602B048EE800F38F91 /* MyMacApp */ = {
			isa = PBXNativeTarget;
			buildConfigurationList = D9CD306D2B048EEB00F38F91 /* Build configuration list for PBXNativeTarget "MyMacApp" */;
			buildPhases = (
				D9CD305D2B048EE800F38F91 /* Sources */,
				D9CD305E2B048EE800F38F91 /* Frameworks */,
				D9CD305F2B048EE800F38F91 /* Resources */,
			);
			buildRules = (
			);
			dependencies = (
			);
			name = MyMacApp;
			productName = MyMacApp;
			productReference = D9CD30612B048EE800F38F91 /* MyMacApp.app */;
			productType = "com.apple.product-type.application";
		};
/* End PBXNativeTarget section */

/* Begin PBXProject section */
		D97A4EBA2AEF5565002C6E15 /* Project object */ = {
			isa = PBXProject;
			attributes = {
				BuildIndependentTargetsInParallel = 1;
				LastSwiftUpdateCheck = 1500;
				LastUpgradeCheck = 1500;
				TargetAttributes = {
					D97A4EC12AEF5565002C6E15 = {
						CreatedOnToolsVersion = 15.0.1;
					};
					D9CD30602B048EE800F38F91 = {
						CreatedOnToolsVersion = 15.0.1;
					};
				};
			};
			buildConfigurationList = D97A4EBD2AEF5565002C6E15 /* Build configuration list for PBXProject "SwiftUIDemo" */;
			compatibilityVersion = "Xcode 14.0";
			developmentRegion = en;
			hasScannedForEncodings = 0;
			knownRegions = (
				en,
				Base,
			);
			mainGroup = D97A4EB92AEF5565002C6E15;
			productRefGroup = D97A4EC32AEF5565002C6E15 /* Products */;
			projectDirPath = "";
			projectRoot = "";
			targets = (
				D97A4EC12AEF5565002C6E15 /* SwiftUIDemo */,
				D9CD30602B048EE800F38F91 /* MyMacApp */,
			);
		};
/* End PBXProject section */

/* Begin PBXResourcesBuildPhase section */
		D97A4EC02AEF5565002C6E15 /* Resources */ = {
			isa = PBXResourcesBuildPhase;
			buildActionMask = 2147483647;
			files = (
				D97A4ECD2AEF5567002C6E15 /* Preview Assets.xcassets in Resources */,
				D97A4ECA2AEF5567002C6E15 /* Assets.xcassets in Resources */,
				ED7A92852BC1BB8E00ADAD81 /* liusisi.bundle in Resources */,
			);
			runOnlyForDeploymentPostprocessing = 0;
		};
		D9CD305F2B048EE800F38F91 /* Resources */ = {
			isa = PBXResourcesBuildPhase;
			buildActionMask = 2147483647;
			files = (
				D9CD306B2B048EEB00F38F91 /* Preview Assets.xcassets in Resources */,
				D9CD30682B048EEB00F38F91 /* Assets.xcassets in Resources */,
			);
			runOnlyForDeploymentPostprocessing = 0;
		};
/* End PBXResourcesBuildPhase section */

/* Begin PBXSourcesBuildPhase section */
		D97A4EBE2AEF5565002C6E15 /* Sources */ = {
			isa = PBXSourcesBuildPhase;
			buildActionMask = 2147483647;
			files = (
				D9EE0EE32B16DEC2000C3867 /* KeychainStore.swift in Sources */,
				EDC466B72B5FAABC00E4BAF7 /* ScrollViewDemo.swift in Sources */,
				D9CF4C0B2B1051E000BAF347 /* MineSweepGame.swift in Sources */,
				ED2690C32C49613200558569 /* CustomTabView.swift in Sources */,
				EDB1438A2B85AC1A00494CFB /* ViewBuilderDemo.swift in Sources */,
				D9CF4C092B0F2C3E00BAF347 /* AsyncActorDemo.swift in Sources */,
				D9CD30412B0219BA00F38F91 /* FormDemo.swift in Sources */,
				D97A4ED42AF1F8B7002C6E15 /* RepresentableDemo.swift in Sources */,
				ED86A3352B691037000AD6A3 /* EscapeGame.swift in Sources */,
				D9F357002AFE2E1A00001ABD /* CityWeatherDemo.swift in Sources */,
				D95DB6632B05B43300FD0D4C /* constants.swift in Sources */,
				ED7A928B2BC27C4000ADAD81 /* Todolist.swift in Sources */,
				D97A4EC82AEF5565002C6E15 /* PropertyWrapperDemo.swift in Sources */,
				D922D85F2B0B43F500B3A5FB /* NumberGame.swift in Sources */,
				ED0843FB2D478F91006979B2 /* ScrollableSegmentControl.swift in Sources */,
				EDCE1B1C2C9BEAEE00F0048E /* TabbarDemo.swift in Sources */,
				D922D87D2B0EE89200B3A5FB /* AnimationDemo.swift in Sources */,
				D9F357022B01CE4300001ABD /* MetroView.swift in Sources */,
				D9CD30772B04B71D00F38F91 /* SortInActionDemo.swift in Sources */,
				D97A4EC62AEF5565002C6E15 /* SwiftUIDemoApp.swift in Sources */,
				D9CF4C0F2B146ADD00BAF347 /* DateTimeInTimeZoneDemo.swift in Sources */,
				D9CD30432B03202600F38F91 /* WebViewDemo.swift in Sources */,
				D922D87B2B0DECFB00B3A5FB /* ClockDemo.swift in Sources */,
				D95DB6652B06088900FD0D4C /* MemorizeGame.swift in Sources */,
				D9CD30472B04648500F38F91 /* AsyncCallDemo.swift in Sources */,
				ED7A92812BC1B9F500ADAD81 /* ImagesView.swift in Sources */,
			);
			runOnlyForDeploymentPostprocessing = 0;
		};
		D9CD305D2B048EE800F38F91 /* Sources */ = {
			isa = PBXSourcesBuildPhase;
			buildActionMask = 2147483647;
			files = (
				D9CD30662B048EE800F38F91 /* ContentView.swift in Sources */,
				D9CD30642B048EE800F38F91 /* MyMacAppApp.swift in Sources */,
			);
			runOnlyForDeploymentPostprocessing = 0;
		};
/* End PBXSourcesBuildPhase section */

/* Begin XCBuildConfiguration section */
		D97A4ECE2AEF5567002C6E15 /* Debug */ = {
			isa = XCBuildConfiguration;
			buildSettings = {
				ALWAYS_SEARCH_USER_PATHS = NO;
				ASSETCATALOG_COMPILER_GENERATE_SWIFT_ASSET_SYMBOL_EXTENSIONS = YES;
				CLANG_ANALYZER_NONNULL = YES;
				CLANG_ANALYZER_NUMBER_OBJECT_CONVERSION = YES_AGGRESSIVE;
				CLANG_CXX_LANGUAGE_STANDARD = "gnu++20";
				CLANG_ENABLE_MODULES = YES;
				CLANG_ENABLE_OBJC_ARC = YES;
				CLANG_ENABLE_OBJC_WEAK = YES;
				CLANG_WARN_BLOCK_CAPTURE_AUTORELEASING = YES;
				CLANG_WARN_BOOL_CONVERSION = YES;
				CLANG_WARN_COMMA = YES;
				CLANG_WARN_CONSTANT_CONVERSION = YES;
				CLANG_WARN_DEPRECATED_OBJC_IMPLEMENTATIONS = YES;
				CLANG_WARN_DIRECT_OBJC_ISA_USAGE = YES_ERROR;
				CLANG_WARN_DOCUMENTATION_COMMENTS = YES;
				CLANG_WARN_EMPTY_BODY = YES;
				CLANG_WARN_ENUM_CONVERSION = YES;
				CLANG_WARN_INFINITE_RECURSION = YES;
				CLANG_WARN_INT_CONVERSION = YES;
				CLANG_WARN_NON_LITERAL_NULL_CONVERSION = YES;
				CLANG_WARN_OBJC_IMPLICIT_RETAIN_SELF = YES;
				CLANG_WARN_OBJC_LITERAL_CONVERSION = YES;
				CLANG_WARN_OBJC_ROOT_CLASS = YES_ERROR;
				CLANG_WARN_QUOTED_INCLUDE_IN_FRAMEWORK_HEADER = YES;
				CLANG_WARN_RANGE_LOOP_ANALYSIS = YES;
				CLANG_WARN_STRICT_PROTOTYPES = YES;
				CLANG_WARN_SUSPICIOUS_MOVE = YES;
				CLANG_WARN_UNGUARDED_AVAILABILITY = YES_AGGRESSIVE;
				CLANG_WARN_UNREACHABLE_CODE = YES;
				CLANG_WARN__DUPLICATE_METHOD_MATCH = YES;
				COPY_PHASE_STRIP = NO;
				DEBUG_INFORMATION_FORMAT = dwarf;
				ENABLE_STRICT_OBJC_MSGSEND = YES;
				ENABLE_TESTABILITY = YES;
				ENABLE_USER_SCRIPT_SANDBOXING = YES;
				GCC_C_LANGUAGE_STANDARD = gnu17;
				GCC_DYNAMIC_NO_PIC = NO;
				GCC_NO_COMMON_BLOCKS = YES;
				GCC_OPTIMIZATION_LEVEL = 0;
				GCC_PREPROCESSOR_DEFINITIONS = (
					"DEBUG=1",
					"$(inherited)",
				);
				GCC_WARN_64_TO_32_BIT_CONVERSION = YES;
				GCC_WARN_ABOUT_RETURN_TYPE = YES_ERROR;
				GCC_WARN_UNDECLARED_SELECTOR = YES;
				GCC_WARN_UNINITIALIZED_AUTOS = YES_AGGRESSIVE;
				GCC_WARN_UNUSED_FUNCTION = YES;
				GCC_WARN_UNUSED_VARIABLE = YES;
				IPHONEOS_DEPLOYMENT_TARGET = 17.0;
				LOCALIZATION_PREFERS_STRING_CATALOGS = YES;
				MTL_ENABLE_DEBUG_INFO = INCLUDE_SOURCE;
				MTL_FAST_MATH = YES;
				ONLY_ACTIVE_ARCH = YES;
				SDKROOT = iphoneos;
				SWIFT_ACTIVE_COMPILATION_CONDITIONS = "DEBUG $(inherited)";
				SWIFT_OPTIMIZATION_LEVEL = "-Onone";
			};
			name = Debug;
		};
		D97A4ECF2AEF5567002C6E15 /* Release */ = {
			isa = XCBuildConfiguration;
			buildSettings = {
				ALWAYS_SEARCH_USER_PATHS = NO;
				ASSETCATALOG_COMPILER_GENERATE_SWIFT_ASSET_SYMBOL_EXTENSIONS = YES;
				CLANG_ANALYZER_NONNULL = YES;
				CLANG_ANALYZER_NUMBER_OBJECT_CONVERSION = YES_AGGRESSIVE;
				CLANG_CXX_LANGUAGE_STANDARD = "gnu++20";
				CLANG_ENABLE_MODULES = YES;
				CLANG_ENABLE_OBJC_ARC = YES;
				CLANG_ENABLE_OBJC_WEAK = YES;
				CLANG_WARN_BLOCK_CAPTURE_AUTORELEASING = YES;
				CLANG_WARN_BOOL_CONVERSION = YES;
				CLANG_WARN_COMMA = YES;
				CLANG_WARN_CONSTANT_CONVERSION = YES;
				CLANG_WARN_DEPRECATED_OBJC_IMPLEMENTATIONS = YES;
				CLANG_WARN_DIRECT_OBJC_ISA_USAGE = YES_ERROR;
				CLANG_WARN_DOCUMENTATION_COMMENTS = YES;
				CLANG_WARN_EMPTY_BODY = YES;
				CLANG_WARN_ENUM_CONVERSION = YES;
				CLANG_WARN_INFINITE_RECURSION = YES;
				CLANG_WARN_INT_CONVERSION = YES;
				CLANG_WARN_NON_LITERAL_NULL_CONVERSION = YES;
				CLANG_WARN_OBJC_IMPLICIT_RETAIN_SELF = YES;
				CLANG_WARN_OBJC_LITERAL_CONVERSION = YES;
				CLANG_WARN_OBJC_ROOT_CLASS = YES_ERROR;
				CLANG_WARN_QUOTED_INCLUDE_IN_FRAMEWORK_HEADER = YES;
				CLANG_WARN_RANGE_LOOP_ANALYSIS = YES;
				CLANG_WARN_STRICT_PROTOTYPES = YES;
				CLANG_WARN_SUSPICIOUS_MOVE = YES;
				CLANG_WARN_UNGUARDED_AVAILABILITY = YES_AGGRESSIVE;
				CLANG_WARN_UNREACHABLE_CODE = YES;
				CLANG_WARN__DUPLICATE_METHOD_MATCH = YES;
				COPY_PHASE_STRIP = NO;
				DEBUG_INFORMATION_FORMAT = "dwarf-with-dsym";
				ENABLE_NS_ASSERTIONS = NO;
				ENABLE_STRICT_OBJC_MSGSEND = YES;
				ENABLE_USER_SCRIPT_SANDBOXING = YES;
				GCC_C_LANGUAGE_STANDARD = gnu17;
				GCC_NO_COMMON_BLOCKS = YES;
				GCC_WARN_64_TO_32_BIT_CONVERSION = YES;
				GCC_WARN_ABOUT_RETURN_TYPE = YES_ERROR;
				GCC_WARN_UNDECLARED_SELECTOR = YES;
				GCC_WARN_UNINITIALIZED_AUTOS = YES_AGGRESSIVE;
				GCC_WARN_UNUSED_FUNCTION = YES;
				GCC_WARN_UNUSED_VARIABLE = YES;
				IPHONEOS_DEPLOYMENT_TARGET = 17.0;
				LOCALIZATION_PREFERS_STRING_CATALOGS = YES;
				MTL_ENABLE_DEBUG_INFO = NO;
				MTL_FAST_MATH = YES;
				SDKROOT = iphoneos;
				SWIFT_COMPILATION_MODE = wholemodule;
				VALIDATE_PRODUCT = YES;
			};
			name = Release;
		};
		D97A4ED12AEF5567002C6E15 /* Debug */ = {
			isa = XCBuildConfiguration;
			buildSettings = {
				ASSETCATALOG_COMPILER_APPICON_NAME = AppIcon;
				ASSETCATALOG_COMPILER_GLOBAL_ACCENT_COLOR_NAME = AccentColor;
				"CODE_SIGN_IDENTITY[sdk=macosx*]" = "-";
				CODE_SIGN_STYLE = Automatic;
				CURRENT_PROJECT_VERSION = 1;
				DEVELOPMENT_ASSET_PATHS = "\"SwiftUIDemo/Preview Content\"";
				ENABLE_PREVIEWS = YES;
				GENERATE_INFOPLIST_FILE = YES;
				INFOPLIST_KEY_UIApplicationSceneManifest_Generation = YES;
				INFOPLIST_KEY_UIApplicationSupportsIndirectInputEvents = YES;
				INFOPLIST_KEY_UILaunchScreen_Generation = YES;
				INFOPLIST_KEY_UISupportedInterfaceOrientations_iPad = "UIInterfaceOrientationPortrait UIInterfaceOrientationPortraitUpsideDown UIInterfaceOrientationLandscapeLeft UIInterfaceOrientationLandscapeRight";
				INFOPLIST_KEY_UISupportedInterfaceOrientations_iPhone = "UIInterfaceOrientationPortrait UIInterfaceOrientationLandscapeLeft UIInterfaceOrientationLandscapeRight";
				IPHONEOS_DEPLOYMENT_TARGET = 17.0;
				LD_RUNPATH_SEARCH_PATHS = (
					"$(inherited)",
					"@executable_path/Frameworks",
				);
				MARKETING_VERSION = 1.0;
				PRODUCT_BUNDLE_IDENTIFIER = com.evopayments.SwiftUIDemo;
				PRODUCT_NAME = "$(TARGET_NAME)";
				SUPPORTED_PLATFORMS = "iphoneos iphonesimulator";
				SUPPORTS_MACCATALYST = NO;
				SUPPORTS_MAC_DESIGNED_FOR_IPHONE_IPAD = NO;
				SWIFT_EMIT_LOC_STRINGS = YES;
				SWIFT_VERSION = 5.0;
				TARGETED_DEVICE_FAMILY = "1,2";
			};
			name = Debug;
		};
		D97A4ED22AEF5567002C6E15 /* Release */ = {
			isa = XCBuildConfiguration;
			buildSettings = {
				ASSETCATALOG_COMPILER_APPICON_NAME = AppIcon;
				ASSETCATALOG_COMPILER_GLOBAL_ACCENT_COLOR_NAME = AccentColor;
				"CODE_SIGN_IDENTITY[sdk=macosx*]" = "-";
				CODE_SIGN_STYLE = Automatic;
				CURRENT_PROJECT_VERSION = 1;
				DEVELOPMENT_ASSET_PATHS = "\"SwiftUIDemo/Preview Content\"";
				ENABLE_PREVIEWS = YES;
				GENERATE_INFOPLIST_FILE = YES;
				INFOPLIST_KEY_UIApplicationSceneManifest_Generation = YES;
				INFOPLIST_KEY_UIApplicationSupportsIndirectInputEvents = YES;
				INFOPLIST_KEY_UILaunchScreen_Generation = YES;
				INFOPLIST_KEY_UISupportedInterfaceOrientations_iPad = "UIInterfaceOrientationPortrait UIInterfaceOrientationPortraitUpsideDown UIInterfaceOrientationLandscapeLeft UIInterfaceOrientationLandscapeRight";
				INFOPLIST_KEY_UISupportedInterfaceOrientations_iPhone = "UIInterfaceOrientationPortrait UIInterfaceOrientationLandscapeLeft UIInterfaceOrientationLandscapeRight";
				IPHONEOS_DEPLOYMENT_TARGET = 17.0;
				LD_RUNPATH_SEARCH_PATHS = (
					"$(inherited)",
					"@executable_path/Frameworks",
				);
				MARKETING_VERSION = 1.0;
				PRODUCT_BUNDLE_IDENTIFIER = com.evopayments.SwiftUIDemo;
				PRODUCT_NAME = "$(TARGET_NAME)";
				SUPPORTED_PLATFORMS = "iphoneos iphonesimulator";
				SUPPORTS_MACCATALYST = NO;
				SUPPORTS_MAC_DESIGNED_FOR_IPHONE_IPAD = NO;
				SWIFT_EMIT_LOC_STRINGS = YES;
				SWIFT_VERSION = 5.0;
				TARGETED_DEVICE_FAMILY = "1,2";
			};
			name = Release;
		};
		D9CD306E2B048EEB00F38F91 /* Debug */ = {
			isa = XCBuildConfiguration;
			buildSettings = {
				ASSETCATALOG_COMPILER_APPICON_NAME = AppIcon;
				ASSETCATALOG_COMPILER_GLOBAL_ACCENT_COLOR_NAME = AccentColor;
				CODE_SIGN_ENTITLEMENTS = MyMacApp/MyMacApp.entitlements;
				CODE_SIGN_STYLE = Automatic;
				COMBINE_HIDPI_IMAGES = YES;
				CURRENT_PROJECT_VERSION = 1;
				DEVELOPMENT_ASSET_PATHS = "\"MyMacApp/Preview Content\"";
				ENABLE_PREVIEWS = YES;
				GENERATE_INFOPLIST_FILE = YES;
				INFOPLIST_KEY_NSHumanReadableCopyright = "";
				LD_RUNPATH_SEARCH_PATHS = (
					"$(inherited)",
					"@executable_path/../Frameworks",
				);
				MACOSX_DEPLOYMENT_TARGET = 14.0;
				MARKETING_VERSION = 1.0;
				PRODUCT_BUNDLE_IDENTIFIER = com.evopayments.MyMacApp;
				PRODUCT_NAME = "$(TARGET_NAME)";
				SDKROOT = macosx;
				SWIFT_EMIT_LOC_STRINGS = YES;
				SWIFT_VERSION = 5.0;
			};
			name = Debug;
		};
		D9CD306F2B048EEB00F38F91 /* Release */ = {
			isa = XCBuildConfiguration;
			buildSettings = {
				ASSETCATALOG_COMPILER_APPICON_NAME = AppIcon;
				ASSETCATALOG_COMPILER_GLOBAL_ACCENT_COLOR_NAME = AccentColor;
				CODE_SIGN_ENTITLEMENTS = MyMacApp/MyMacApp.entitlements;
				CODE_SIGN_STYLE = Automatic;
				COMBINE_HIDPI_IMAGES = YES;
				CURRENT_PROJECT_VERSION = 1;
				DEVELOPMENT_ASSET_PATHS = "\"MyMacApp/Preview Content\"";
				ENABLE_PREVIEWS = YES;
				GENERATE_INFOPLIST_FILE = YES;
				INFOPLIST_KEY_NSHumanReadableCopyright = "";
				LD_RUNPATH_SEARCH_PATHS = (
					"$(inherited)",
					"@executable_path/../Frameworks",
				);
				MACOSX_DEPLOYMENT_TARGET = 14.0;
				MARKETING_VERSION = 1.0;
				PRODUCT_BUNDLE_IDENTIFIER = com.evopayments.MyMacApp;
				PRODUCT_NAME = "$(TARGET_NAME)";
				SDKROOT = macosx;
				SWIFT_EMIT_LOC_STRINGS = YES;
				SWIFT_VERSION = 5.0;
			};
			name = Release;
		};
/* End XCBuildConfiguration section */

/* Begin XCConfigurationList section */
		D97A4EBD2AEF5565002C6E15 /* Build configuration list for PBXProject "SwiftUIDemo" */ = {
			isa = XCConfigurationList;
			buildConfigurations = (
				D97A4ECE2AEF5567002C6E15 /* Debug */,
				D97A4ECF2AEF5567002C6E15 /* Release */,
			);
			defaultConfigurationIsVisible = 0;
			defaultConfigurationName = Release;
		};
		D97A4ED02AEF5567002C6E15 /* Build configuration list for PBXNativeTarget "SwiftUIDemo" */ = {
			isa = XCConfigurationList;
			buildConfigurations = (
				D97A4ED12AEF5567002C6E15 /* Debug */,
				D97A4ED22AEF5567002C6E15 /* Release */,
			);
			defaultConfigurationIsVisible = 0;
			defaultConfigurationName = Release;
		};
		D9CD306D2B048EEB00F38F91 /* Build configuration list for PBXNativeTarget "MyMacApp" */ = {
			isa = XCConfigurationList;
			buildConfigurations = (
				D9CD306E2B048EEB00F38F91 /* Debug */,
				D9CD306F2B048EEB00F38F91 /* Release */,
			);
			defaultConfigurationIsVisible = 0;
			defaultConfigurationName = Release;
		};
/* End XCConfigurationList section */
	};
	rootObject = D97A4EBA2AEF5565002C6E15 /* Project object */;
}
